<?xml version="1.0" encoding="utf-8"?>
<Project ToolsVersion="18.0" xmlns="http://schemas.microsoft.com/developer/msbuild/2003">
  <ItemGroup>
    <CustomBuild Include="C:\dev\my_photo_app\build\windows\x64\CMakeFiles\af4633f7cd0314f9b48ec9941ecc11dd\flutter_windows.dll.rule">
      <Filter>CMake Rules</Filter>
    </CustomBuild>
    <CustomBuild Include="C:\dev\my_photo_app\build\windows\x64\CMakeFiles\8c2314c730c863246650e9e17924effe\flutter_assemble.rule">
      <Filter>CMake Rules</Filter>
    </CustomBuild>
    <CustomBuild Include="C:\dev\my_photo_app\windows\flutter\CMakeLists.txt" />
  </ItemGroup>
  <ItemGroup>
    <None Include="C:\dev\my_photo_app\build\windows\x64\flutter\CMakeFiles\flutter_assemble" />
  </ItemGroup>
  <ItemGroup>
    <Filter Include="CMake Rules">
      <UniqueIdentifier>{7D28E3F0-EE31-3561-8B35-EAF9D244C2A4}</UniqueIdentifier>
    </Filter>
  </ItemGroup>
</Project>
