<?xml version="1.0" encoding="utf-8"?>
<Project ToolsVersion="18.0" xmlns="http://schemas.microsoft.com/developer/msbuild/2003">
  <ItemGroup>
    <CustomBuild Include="C:\dev\my_photo_app\build\windows\x64\CMakeFiles\b74d1fc3c70a7918890d6d9dab4b975c\INSTALL_force.rule">
      <Filter>CMake Rules</Filter>
    </CustomBuild>
  </ItemGroup>
  <ItemGroup>
    <Filter Include="CMake Rules">
      <UniqueIdentifier>{7D28E3F0-EE31-3561-8B35-EAF9D244C2A4}</UniqueIdentifier>
    </Filter>
  </ItemGroup>
</Project>
