
Microsoft Visual Studio Solution File, Format Version 12.00
# Visual Studio Version 18
Project("{8BC9CEB8-8B4A-11D0-8D11-00A0C91BC942}") = "ALL_BUILD", "ALL_BUILD.vcxproj", "{E6323811-CBF4-339C-A554-C34379998D02}"
	ProjectSection(ProjectDependencies) = postProject
		{876D2AFB-B768-314D-8988-A8D1F0B22D2E} = {876D2AFB-B768-314D-8988-A8D1F0B22D2E}
		{9AC7AAF9-DE78-3B2F-A97F-5C58F3E1D2BD} = {9AC7AAF9-DE78-3B2F-A97F-5C58F3E1D2BD}
	EndProjectSection
EndProject
Project("{8BC9CEB8-8B4A-11D0-8D11-00A0C91BC942}") = "INSTALL", "INSTALL.vcxproj", "{AC2AFEFE-2EFC-3116-818A-EB9A260A6F69}"
	ProjectSection(ProjectDependencies) = postProject
		{E6323811-CBF4-339C-A554-C34379998D02} = {E6323811-CBF4-339C-A554-C34379998D02}
		{876D2AFB-B768-314D-8988-A8D1F0B22D2E} = {876D2AFB-B768-314D-8988-A8D1F0B22D2E}
	EndProjectSection
EndProject
Project("{8BC9CEB8-8B4A-11D0-8D11-00A0C91BC942}") = "ZERO_CHECK", "..\\ZERO_CHECK.vcxproj", "{876D2AFB-B768-314D-8988-A8D1F0B22D2E}"
	ProjectSection(ProjectDependencies) = postProject
	EndProjectSection
EndProject
Project("{8BC9CEB8-8B4A-11D0-8D11-00A0C91BC942}") = "flutter_assemble", "..\flutter\flutter_assemble.vcxproj", "{3ABB12F1-1F2A-39F4-892F-B324C883022A}"
	ProjectSection(ProjectDependencies) = postProject
		{876D2AFB-B768-314D-8988-A8D1F0B22D2E} = {876D2AFB-B768-314D-8988-A8D1F0B22D2E}
	EndProjectSection
EndProject
Project("{8BC9CEB8-8B4A-11D0-8D11-00A0C91BC942}") = "flutter_wrapper_app", "..\flutter\flutter_wrapper_app.vcxproj", "{355439DC-C0DB-3053-BDD6-EACAE08DBD30}"
	ProjectSection(ProjectDependencies) = postProject
		{876D2AFB-B768-314D-8988-A8D1F0B22D2E} = {876D2AFB-B768-314D-8988-A8D1F0B22D2E}
		{3ABB12F1-1F2A-39F4-892F-B324C883022A} = {3ABB12F1-1F2A-39F4-892F-B324C883022A}
	EndProjectSection
EndProject
Project("{8BC9CEB8-8B4A-11D0-8D11-00A0C91BC942}") = "my_photo_app", "my_photo_app.vcxproj", "{9AC7AAF9-DE78-3B2F-A97F-5C58F3E1D2BD}"
	ProjectSection(ProjectDependencies) = postProject
		{876D2AFB-B768-314D-8988-A8D1F0B22D2E} = {876D2AFB-B768-314D-8988-A8D1F0B22D2E}
		{3ABB12F1-1F2A-39F4-892F-B324C883022A} = {3ABB12F1-1F2A-39F4-892F-B324C883022A}
		{355439DC-C0DB-3053-BDD6-EACAE08DBD30} = {355439DC-C0DB-3053-BDD6-EACAE08DBD30}
	EndProjectSection
EndProject
Global
	GlobalSection(SolutionConfigurationPlatforms) = preSolution
		Debug|x64 = Debug|x64
		Profile|x64 = Profile|x64
		Release|x64 = Release|x64
	EndGlobalSection
	GlobalSection(ProjectConfigurationPlatforms) = postSolution
		{E6323811-CBF4-339C-A554-C34379998D02}.Debug|x64.ActiveCfg = Debug|x64
		{E6323811-CBF4-339C-A554-C34379998D02}.Debug|x64.Build.0 = Debug|x64
		{E6323811-CBF4-339C-A554-C34379998D02}.Profile|x64.ActiveCfg = Profile|x64
		{E6323811-CBF4-339C-A554-C34379998D02}.Profile|x64.Build.0 = Profile|x64
		{E6323811-CBF4-339C-A554-C34379998D02}.Release|x64.ActiveCfg = Release|x64
		{E6323811-CBF4-339C-A554-C34379998D02}.Release|x64.Build.0 = Release|x64
		{AC2AFEFE-2EFC-3116-818A-EB9A260A6F69}.Debug|x64.ActiveCfg = Debug|x64
		{AC2AFEFE-2EFC-3116-818A-EB9A260A6F69}.Profile|x64.ActiveCfg = Profile|x64
		{AC2AFEFE-2EFC-3116-818A-EB9A260A6F69}.Release|x64.ActiveCfg = Release|x64
		{876D2AFB-B768-314D-8988-A8D1F0B22D2E}.Debug|x64.ActiveCfg = Debug|x64
		{876D2AFB-B768-314D-8988-A8D1F0B22D2E}.Debug|x64.Build.0 = Debug|x64
		{876D2AFB-B768-314D-8988-A8D1F0B22D2E}.Profile|x64.ActiveCfg = Profile|x64
		{876D2AFB-B768-314D-8988-A8D1F0B22D2E}.Profile|x64.Build.0 = Profile|x64
		{876D2AFB-B768-314D-8988-A8D1F0B22D2E}.Release|x64.ActiveCfg = Release|x64
		{876D2AFB-B768-314D-8988-A8D1F0B22D2E}.Release|x64.Build.0 = Release|x64
		{3ABB12F1-1F2A-39F4-892F-B324C883022A}.Debug|x64.ActiveCfg = Debug|x64
		{3ABB12F1-1F2A-39F4-892F-B324C883022A}.Debug|x64.Build.0 = Debug|x64
		{3ABB12F1-1F2A-39F4-892F-B324C883022A}.Profile|x64.ActiveCfg = Profile|x64
		{3ABB12F1-1F2A-39F4-892F-B324C883022A}.Profile|x64.Build.0 = Profile|x64
		{3ABB12F1-1F2A-39F4-892F-B324C883022A}.Release|x64.ActiveCfg = Release|x64
		{3ABB12F1-1F2A-39F4-892F-B324C883022A}.Release|x64.Build.0 = Release|x64
		{355439DC-C0DB-3053-BDD6-EACAE08DBD30}.Debug|x64.ActiveCfg = Debug|x64
		{355439DC-C0DB-3053-BDD6-EACAE08DBD30}.Debug|x64.Build.0 = Debug|x64
		{355439DC-C0DB-3053-BDD6-EACAE08DBD30}.Profile|x64.ActiveCfg = Profile|x64
		{355439DC-C0DB-3053-BDD6-EACAE08DBD30}.Profile|x64.Build.0 = Profile|x64
		{355439DC-C0DB-3053-BDD6-EACAE08DBD30}.Release|x64.ActiveCfg = Release|x64
		{355439DC-C0DB-3053-BDD6-EACAE08DBD30}.Release|x64.Build.0 = Release|x64
		{9AC7AAF9-DE78-3B2F-A97F-5C58F3E1D2BD}.Debug|x64.ActiveCfg = Debug|x64
		{9AC7AAF9-DE78-3B2F-A97F-5C58F3E1D2BD}.Debug|x64.Build.0 = Debug|x64
		{9AC7AAF9-DE78-3B2F-A97F-5C58F3E1D2BD}.Profile|x64.ActiveCfg = Profile|x64
		{9AC7AAF9-DE78-3B2F-A97F-5C58F3E1D2BD}.Profile|x64.Build.0 = Profile|x64
		{9AC7AAF9-DE78-3B2F-A97F-5C58F3E1D2BD}.Release|x64.ActiveCfg = Release|x64
		{9AC7AAF9-DE78-3B2F-A97F-5C58F3E1D2BD}.Release|x64.Build.0 = Release|x64
	EndGlobalSection
	GlobalSection(ExtensibilityGlobals) = postSolution
		SolutionGuid = {A17D9F8F-9318-3536-8C73-9C8B74BE81D8}
	EndGlobalSection
	GlobalSection(ExtensibilityAddIns) = postSolution
	EndGlobalSection
EndGlobal
